
Microsoft Visual Studio Solution File, Format Version 12.00
# Visual Studio Version 17
VisualStudioVersion = 17.9.34701.34
MinimumVisualStudioVersion = 10.0.40219.1
Project("{8BC9CEB8-8B4A-11D0-8D11-00A0C91BC942}") = "libV2", "libV2\libV2.vcxproj", "{538B9CAF-C7DC-466A-83DC-3E00EE6606B3}"
EndProject
Project("{8BC9CEB8-8B4A-11D0-8D11-00A0C91BC942}") = "libTest", "libTest\libTest.vcxproj", "{380C7BF2-C759-43A0-98EB-9146843D6215}"
EndProject
Project("{8BC9CEB8-8B4A-11D0-8D11-00A0C91BC942}") = "testV2", "testV2\testV2.vcxproj", "{0E1CA773-9A59-4F92-982A-FA54B4E64EE8}"
EndProject
Project("{8BC9CEB8-8B4A-11D0-8D11-00A0C91BC942}") = "libEQ", "libEQ\libEQ.vcxproj", "{B759CC4F-5A5F-4830-BAAE-4005D8EEEB2E}"
EndProject
Global
	GlobalSection(SolutionConfigurationPlatforms) = preSolution
		Debug|x64 = Debug|x64
		Debug|x86 = Debug|x86
		Release|x64 = Release|x64
		Release|x86 = Release|x86
	EndGlobalSection
	GlobalSection(ProjectConfigurationPlatforms) = postSolution
		{538B9CAF-C7DC-466A-83DC-3E00EE6606B3}.Debug|x64.ActiveCfg = Debug|x64
		{538B9CAF-C7DC-466A-83DC-3E00EE6606B3}.Debug|x64.Build.0 = Debug|x64
		{538B9CAF-C7DC-466A-83DC-3E00EE6606B3}.Debug|x86.ActiveCfg = Debug|Win32
		{538B9CAF-C7DC-466A-83DC-3E00EE6606B3}.Debug|x86.Build.0 = Debug|Win32
		{538B9CAF-C7DC-466A-83DC-3E00EE6606B3}.Release|x64.ActiveCfg = Release|x64
		{538B9CAF-C7DC-466A-83DC-3E00EE6606B3}.Release|x64.Build.0 = Release|x64
		{538B9CAF-C7DC-466A-83DC-3E00EE6606B3}.Release|x86.ActiveCfg = Release|Win32
		{538B9CAF-C7DC-466A-83DC-3E00EE6606B3}.Release|x86.Build.0 = Release|Win32
		{380C7BF2-C759-43A0-98EB-9146843D6215}.Debug|x64.ActiveCfg = Debug|x64
		{380C7BF2-C759-43A0-98EB-9146843D6215}.Debug|x64.Build.0 = Debug|x64
		{380C7BF2-C759-43A0-98EB-9146843D6215}.Debug|x86.ActiveCfg = Debug|Win32
		{380C7BF2-C759-43A0-98EB-9146843D6215}.Debug|x86.Build.0 = Debug|Win32
		{380C7BF2-C759-43A0-98EB-9146843D6215}.Release|x64.ActiveCfg = Release|x64
		{380C7BF2-C759-43A0-98EB-9146843D6215}.Release|x64.Build.0 = Release|x64
		{380C7BF2-C759-43A0-98EB-9146843D6215}.Release|x86.ActiveCfg = Release|Win32
		{380C7BF2-C759-43A0-98EB-9146843D6215}.Release|x86.Build.0 = Release|Win32
		{0E1CA773-9A59-4F92-982A-FA54B4E64EE8}.Debug|x64.ActiveCfg = Debug|x64
		{0E1CA773-9A59-4F92-982A-FA54B4E64EE8}.Debug|x64.Build.0 = Debug|x64
		{0E1CA773-9A59-4F92-982A-FA54B4E64EE8}.Debug|x86.ActiveCfg = Debug|Win32
		{0E1CA773-9A59-4F92-982A-FA54B4E64EE8}.Debug|x86.Build.0 = Debug|Win32
		{0E1CA773-9A59-4F92-982A-FA54B4E64EE8}.Release|x64.ActiveCfg = Release|x64
		{0E1CA773-9A59-4F92-982A-FA54B4E64EE8}.Release|x64.Build.0 = Release|x64
		{0E1CA773-9A59-4F92-982A-FA54B4E64EE8}.Release|x86.ActiveCfg = Release|Win32
		{0E1CA773-9A59-4F92-982A-FA54B4E64EE8}.Release|x86.Build.0 = Release|Win32
		{B759CC4F-5A5F-4830-BAAE-4005D8EEEB2E}.Debug|x64.ActiveCfg = Debug|x64
		{B759CC4F-5A5F-4830-BAAE-4005D8EEEB2E}.Debug|x64.Build.0 = Debug|x64
		{B759CC4F-5A5F-4830-BAAE-4005D8EEEB2E}.Debug|x86.ActiveCfg = Debug|Win32
		{B759CC4F-5A5F-4830-BAAE-4005D8EEEB2E}.Debug|x86.Build.0 = Debug|Win32
		{B759CC4F-5A5F-4830-BAAE-4005D8EEEB2E}.Release|x64.ActiveCfg = Release|x64
		{B759CC4F-5A5F-4830-BAAE-4005D8EEEB2E}.Release|x64.Build.0 = Release|x64
		{B759CC4F-5A5F-4830-BAAE-4005D8EEEB2E}.Release|x86.ActiveCfg = Release|Win32
		{B759CC4F-5A5F-4830-BAAE-4005D8EEEB2E}.Release|x86.Build.0 = Release|Win32
	EndGlobalSection
	GlobalSection(SolutionProperties) = preSolution
		HideSolutionNode = FALSE
	EndGlobalSection
	GlobalSection(ExtensibilityGlobals) = postSolution
		SolutionGuid = {6E1389A9-5F48-48F9-BE7E-455787F5F0FE}
	EndGlobalSection
EndGlobal
