
Microsoft Visual Studio Solution File, Format Version 12.00
# Visual Studio Version 17
VisualStudioVersion = 17.9.34701.34
MinimumVisualStudioVersion = 10.0.40219.1
Project("{8BC9CEB8-8B4A-11D0-8D11-00A0C91BC942}") = "libV2", "libV2\libV2.vcxproj", "{538B9CAF-C7DC-466A-83DC-3E00EE6606B3}"
EndProject
Project("{8BC9CEB8-8B4A-11D0-8D11-00A0C91BC942}") = "libTest", "libTest\libTest.vcxproj", "{380C7BF2-C759-43A0-98EB-9146843D6215}"
EndProject
Project("{8BC9CEB8-8B4A-11D0-8D11-00A0C91BC942}") = "testV2", "testV2\testV2.vcxproj", "{0E1CA773-9A59-4F92-982A-FA54B4E64EE8}"
EndProject
Project("{8BC9CEB8-8B4A-11D0-8D11-00A0C91BC942}") = "libEQ", "libEQ\libEQ.vcxproj", "{B759CC4F-5A5F-4830-BAAE-4005D8EEEB2E}"
EndProject
Project("{8BC9CEB8-8B4A-11D0-8D11-00A0C91BC942}") = "libPolyLine", "libPolyLine\libPolyLine.vcxproj", "{D98E9727-AD21-4273-B22B-831CF08F61DB}"
EndProject
Project("{8BC9CEB8-8B4A-11D0-8D11-00A0C91BC942}") = "libMemFailExit", "libMemFailExit\libMemFailExit.vcxproj", "{28B577C9-DF0E-4774-9B43-6D0932CA73D3}"
EndProject
Project("{8BC9CEB8-8B4A-11D0-8D11-00A0C91BC942}") = "testEQ", "testEQ\testEQ.vcxproj", "{1156C98C-8143-4918-A105-B503ADAB1E2D}"
EndProject
Project("{8BC9CEB8-8B4A-11D0-8D11-00A0C91BC942}") = "testPolyLine", "testPolyLine\testPolyLine.vcxproj", "{F4A6B2E7-764E-4F2C-803E-EDAF4D620FA8}"
EndProject
Project("{8BC9CEB8-8B4A-11D0-8D11-00A0C91BC942}") = "libGlider", "libGlider\libGlider.vcxproj", "{E13B00AA-A969-4CD0-8A5F-C49F17656805}"
EndProject
Project("{8BC9CEB8-8B4A-11D0-8D11-00A0C91BC942}") = "testGlider", "testGlider\testGlider.vcxproj", "{86BD23AB-AD93-4C32-A778-FE1E9EB2A71E}"
EndProject
Project("{8BC9CEB8-8B4A-11D0-8D11-00A0C91BC942}") = "libRandomNumbers", "libRandomNumbers\libRandomNumbers.vcxproj", "{1F25D7C3-081D-48FB-A11A-0098A593CF57}"
EndProject
Project("{8BC9CEB8-8B4A-11D0-8D11-00A0C91BC942}") = "testRandomNumbers", "testRandomNumbers\testRandomNumbers.vcxproj", "{93CA2695-77D3-4E4F-AC43-3CC9723A5C91}"
EndProject
Project("{8BC9CEB8-8B4A-11D0-8D11-00A0C91BC942}") = "exeTestRunner", "exeTestRunner\exeTestRunner.vcxproj", "{CF2E0501-0DBA-44C4-8BF2-81D42B4DDF77}"
EndProject
Project("{8BC9CEB8-8B4A-11D0-8D11-00A0C91BC942}") = "exeDummyRandomNumbersDatasetGenerator", "exeDummyRandomNumbersDatasetGenerator\exeDummyRandomNumbersDatasetGenerator.vcxproj", "{630A727B-298B-4F2F-A74A-7CEAA4B4EBAC}"
EndProject
Project("{8BC9CEB8-8B4A-11D0-8D11-00A0C91BC942}") = "libOptSA", "libOptSA\libOptSA.vcxproj", "{67931ABE-4308-4F9F-BF70-297AD7699CC0}"
EndProject
Project("{8BC9CEB8-8B4A-11D0-8D11-00A0C91BC942}") = "libWinapiConfig", "libWinapiConfig\libWinapiConfig.vcxproj", "{2286A57C-F401-46B2-BDB6-0226B826E963}"
EndProject
Project("{8BC9CEB8-8B4A-11D0-8D11-00A0C91BC942}") = "testOptSA", "testOptSA\testOptSA.vcxproj", "{D14E31C1-A164-4BEF-8238-F3C1CCAD4D47}"
EndProject
Project("{8BC9CEB8-8B4A-11D0-8D11-00A0C91BC942}") = "exeOptSARunner", "exeOptSARunner\exeOptSARunner.vcxproj", "{D29B24C9-1BC0-4BF4-84A2-B92177321275}"
EndProject
Project("{FAE04EC0-301F-11D3-BF4B-00C04F79EFBC}") = "exePathViewer", "exePathViewer\exePathViewer.csproj", "{E85CB152-8DA5-4CC8-BADF-83B72C44E53A}"
EndProject
Global
	GlobalSection(SolutionConfigurationPlatforms) = preSolution
		Debug|Any CPU = Debug|Any CPU
		Debug|x64 = Debug|x64
		Debug|x86 = Debug|x86
		Release|Any CPU = Release|Any CPU
		Release|x64 = Release|x64
		Release|x86 = Release|x86
	EndGlobalSection
	GlobalSection(ProjectConfigurationPlatforms) = postSolution
		{538B9CAF-C7DC-466A-83DC-3E00EE6606B3}.Debug|Any CPU.ActiveCfg = Debug|x64
		{538B9CAF-C7DC-466A-83DC-3E00EE6606B3}.Debug|Any CPU.Build.0 = Debug|x64
		{538B9CAF-C7DC-466A-83DC-3E00EE6606B3}.Debug|x64.ActiveCfg = Debug|x64
		{538B9CAF-C7DC-466A-83DC-3E00EE6606B3}.Debug|x64.Build.0 = Debug|x64
		{538B9CAF-C7DC-466A-83DC-3E00EE6606B3}.Debug|x86.ActiveCfg = Debug|Win32
		{538B9CAF-C7DC-466A-83DC-3E00EE6606B3}.Debug|x86.Build.0 = Debug|Win32
		{538B9CAF-C7DC-466A-83DC-3E00EE6606B3}.Release|Any CPU.ActiveCfg = Release|x64
		{538B9CAF-C7DC-466A-83DC-3E00EE6606B3}.Release|Any CPU.Build.0 = Release|x64
		{538B9CAF-C7DC-466A-83DC-3E00EE6606B3}.Release|x64.ActiveCfg = Release|x64
		{538B9CAF-C7DC-466A-83DC-3E00EE6606B3}.Release|x64.Build.0 = Release|x64
		{538B9CAF-C7DC-466A-83DC-3E00EE6606B3}.Release|x86.ActiveCfg = Release|Win32
		{538B9CAF-C7DC-466A-83DC-3E00EE6606B3}.Release|x86.Build.0 = Release|Win32
		{380C7BF2-C759-43A0-98EB-9146843D6215}.Debug|Any CPU.ActiveCfg = Debug|x64
		{380C7BF2-C759-43A0-98EB-9146843D6215}.Debug|Any CPU.Build.0 = Debug|x64
		{380C7BF2-C759-43A0-98EB-9146843D6215}.Debug|x64.ActiveCfg = Debug|x64
		{380C7BF2-C759-43A0-98EB-9146843D6215}.Debug|x64.Build.0 = Debug|x64
		{380C7BF2-C759-43A0-98EB-9146843D6215}.Debug|x86.ActiveCfg = Debug|Win32
		{380C7BF2-C759-43A0-98EB-9146843D6215}.Debug|x86.Build.0 = Debug|Win32
		{380C7BF2-C759-43A0-98EB-9146843D6215}.Release|Any CPU.ActiveCfg = Release|x64
		{380C7BF2-C759-43A0-98EB-9146843D6215}.Release|Any CPU.Build.0 = Release|x64
		{380C7BF2-C759-43A0-98EB-9146843D6215}.Release|x64.ActiveCfg = Release|x64
		{380C7BF2-C759-43A0-98EB-9146843D6215}.Release|x64.Build.0 = Release|x64
		{380C7BF2-C759-43A0-98EB-9146843D6215}.Release|x86.ActiveCfg = Release|Win32
		{380C7BF2-C759-43A0-98EB-9146843D6215}.Release|x86.Build.0 = Release|Win32
		{0E1CA773-9A59-4F92-982A-FA54B4E64EE8}.Debug|Any CPU.ActiveCfg = Debug|x64
		{0E1CA773-9A59-4F92-982A-FA54B4E64EE8}.Debug|Any CPU.Build.0 = Debug|x64
		{0E1CA773-9A59-4F92-982A-FA54B4E64EE8}.Debug|x64.ActiveCfg = Debug|x64
		{0E1CA773-9A59-4F92-982A-FA54B4E64EE8}.Debug|x64.Build.0 = Debug|x64
		{0E1CA773-9A59-4F92-982A-FA54B4E64EE8}.Debug|x86.ActiveCfg = Debug|Win32
		{0E1CA773-9A59-4F92-982A-FA54B4E64EE8}.Debug|x86.Build.0 = Debug|Win32
		{0E1CA773-9A59-4F92-982A-FA54B4E64EE8}.Release|Any CPU.ActiveCfg = Release|x64
		{0E1CA773-9A59-4F92-982A-FA54B4E64EE8}.Release|Any CPU.Build.0 = Release|x64
		{0E1CA773-9A59-4F92-982A-FA54B4E64EE8}.Release|x64.ActiveCfg = Release|x64
		{0E1CA773-9A59-4F92-982A-FA54B4E64EE8}.Release|x64.Build.0 = Release|x64
		{0E1CA773-9A59-4F92-982A-FA54B4E64EE8}.Release|x86.ActiveCfg = Release|Win32
		{0E1CA773-9A59-4F92-982A-FA54B4E64EE8}.Release|x86.Build.0 = Release|Win32
		{B759CC4F-5A5F-4830-BAAE-4005D8EEEB2E}.Debug|Any CPU.ActiveCfg = Debug|x64
		{B759CC4F-5A5F-4830-BAAE-4005D8EEEB2E}.Debug|Any CPU.Build.0 = Debug|x64
		{B759CC4F-5A5F-4830-BAAE-4005D8EEEB2E}.Debug|x64.ActiveCfg = Debug|x64
		{B759CC4F-5A5F-4830-BAAE-4005D8EEEB2E}.Debug|x64.Build.0 = Debug|x64
		{B759CC4F-5A5F-4830-BAAE-4005D8EEEB2E}.Debug|x86.ActiveCfg = Debug|Win32
		{B759CC4F-5A5F-4830-BAAE-4005D8EEEB2E}.Debug|x86.Build.0 = Debug|Win32
		{B759CC4F-5A5F-4830-BAAE-4005D8EEEB2E}.Release|Any CPU.ActiveCfg = Release|x64
		{B759CC4F-5A5F-4830-BAAE-4005D8EEEB2E}.Release|Any CPU.Build.0 = Release|x64
		{B759CC4F-5A5F-4830-BAAE-4005D8EEEB2E}.Release|x64.ActiveCfg = Release|x64
		{B759CC4F-5A5F-4830-BAAE-4005D8EEEB2E}.Release|x64.Build.0 = Release|x64
		{B759CC4F-5A5F-4830-BAAE-4005D8EEEB2E}.Release|x86.ActiveCfg = Release|Win32
		{B759CC4F-5A5F-4830-BAAE-4005D8EEEB2E}.Release|x86.Build.0 = Release|Win32
		{D98E9727-AD21-4273-B22B-831CF08F61DB}.Debug|Any CPU.ActiveCfg = Debug|x64
		{D98E9727-AD21-4273-B22B-831CF08F61DB}.Debug|Any CPU.Build.0 = Debug|x64
		{D98E9727-AD21-4273-B22B-831CF08F61DB}.Debug|x64.ActiveCfg = Debug|x64
		{D98E9727-AD21-4273-B22B-831CF08F61DB}.Debug|x64.Build.0 = Debug|x64
		{D98E9727-AD21-4273-B22B-831CF08F61DB}.Debug|x86.ActiveCfg = Debug|Win32
		{D98E9727-AD21-4273-B22B-831CF08F61DB}.Debug|x86.Build.0 = Debug|Win32
		{D98E9727-AD21-4273-B22B-831CF08F61DB}.Release|Any CPU.ActiveCfg = Release|x64
		{D98E9727-AD21-4273-B22B-831CF08F61DB}.Release|Any CPU.Build.0 = Release|x64
		{D98E9727-AD21-4273-B22B-831CF08F61DB}.Release|x64.ActiveCfg = Release|x64
		{D98E9727-AD21-4273-B22B-831CF08F61DB}.Release|x64.Build.0 = Release|x64
		{D98E9727-AD21-4273-B22B-831CF08F61DB}.Release|x86.ActiveCfg = Release|Win32
		{D98E9727-AD21-4273-B22B-831CF08F61DB}.Release|x86.Build.0 = Release|Win32
		{28B577C9-DF0E-4774-9B43-6D0932CA73D3}.Debug|Any CPU.ActiveCfg = Debug|x64
		{28B577C9-DF0E-4774-9B43-6D0932CA73D3}.Debug|Any CPU.Build.0 = Debug|x64
		{28B577C9-DF0E-4774-9B43-6D0932CA73D3}.Debug|x64.ActiveCfg = Debug|x64
		{28B577C9-DF0E-4774-9B43-6D0932CA73D3}.Debug|x64.Build.0 = Debug|x64
		{28B577C9-DF0E-4774-9B43-6D0932CA73D3}.Debug|x86.ActiveCfg = Debug|Win32
		{28B577C9-DF0E-4774-9B43-6D0932CA73D3}.Debug|x86.Build.0 = Debug|Win32
		{28B577C9-DF0E-4774-9B43-6D0932CA73D3}.Release|Any CPU.ActiveCfg = Release|x64
		{28B577C9-DF0E-4774-9B43-6D0932CA73D3}.Release|Any CPU.Build.0 = Release|x64
		{28B577C9-DF0E-4774-9B43-6D0932CA73D3}.Release|x64.ActiveCfg = Release|x64
		{28B577C9-DF0E-4774-9B43-6D0932CA73D3}.Release|x64.Build.0 = Release|x64
		{28B577C9-DF0E-4774-9B43-6D0932CA73D3}.Release|x86.ActiveCfg = Release|Win32
		{28B577C9-DF0E-4774-9B43-6D0932CA73D3}.Release|x86.Build.0 = Release|Win32
		{1156C98C-8143-4918-A105-B503ADAB1E2D}.Debug|Any CPU.ActiveCfg = Debug|x64
		{1156C98C-8143-4918-A105-B503ADAB1E2D}.Debug|Any CPU.Build.0 = Debug|x64
		{1156C98C-8143-4918-A105-B503ADAB1E2D}.Debug|x64.ActiveCfg = Debug|x64
		{1156C98C-8143-4918-A105-B503ADAB1E2D}.Debug|x64.Build.0 = Debug|x64
		{1156C98C-8143-4918-A105-B503ADAB1E2D}.Debug|x86.ActiveCfg = Debug|Win32
		{1156C98C-8143-4918-A105-B503ADAB1E2D}.Debug|x86.Build.0 = Debug|Win32
		{1156C98C-8143-4918-A105-B503ADAB1E2D}.Release|Any CPU.ActiveCfg = Release|x64
		{1156C98C-8143-4918-A105-B503ADAB1E2D}.Release|Any CPU.Build.0 = Release|x64
		{1156C98C-8143-4918-A105-B503ADAB1E2D}.Release|x64.ActiveCfg = Release|x64
		{1156C98C-8143-4918-A105-B503ADAB1E2D}.Release|x64.Build.0 = Release|x64
		{1156C98C-8143-4918-A105-B503ADAB1E2D}.Release|x86.ActiveCfg = Release|Win32
		{1156C98C-8143-4918-A105-B503ADAB1E2D}.Release|x86.Build.0 = Release|Win32
		{F4A6B2E7-764E-4F2C-803E-EDAF4D620FA8}.Debug|Any CPU.ActiveCfg = Debug|x64
		{F4A6B2E7-764E-4F2C-803E-EDAF4D620FA8}.Debug|Any CPU.Build.0 = Debug|x64
		{F4A6B2E7-764E-4F2C-803E-EDAF4D620FA8}.Debug|x64.ActiveCfg = Debug|x64
		{F4A6B2E7-764E-4F2C-803E-EDAF4D620FA8}.Debug|x64.Build.0 = Debug|x64
		{F4A6B2E7-764E-4F2C-803E-EDAF4D620FA8}.Debug|x86.ActiveCfg = Debug|Win32
		{F4A6B2E7-764E-4F2C-803E-EDAF4D620FA8}.Debug|x86.Build.0 = Debug|Win32
		{F4A6B2E7-764E-4F2C-803E-EDAF4D620FA8}.Release|Any CPU.ActiveCfg = Release|x64
		{F4A6B2E7-764E-4F2C-803E-EDAF4D620FA8}.Release|Any CPU.Build.0 = Release|x64
		{F4A6B2E7-764E-4F2C-803E-EDAF4D620FA8}.Release|x64.ActiveCfg = Release|x64
		{F4A6B2E7-764E-4F2C-803E-EDAF4D620FA8}.Release|x64.Build.0 = Release|x64
		{F4A6B2E7-764E-4F2C-803E-EDAF4D620FA8}.Release|x86.ActiveCfg = Release|Win32
		{F4A6B2E7-764E-4F2C-803E-EDAF4D620FA8}.Release|x86.Build.0 = Release|Win32
		{E13B00AA-A969-4CD0-8A5F-C49F17656805}.Debug|Any CPU.ActiveCfg = Debug|x64
		{E13B00AA-A969-4CD0-8A5F-C49F17656805}.Debug|Any CPU.Build.0 = Debug|x64
		{E13B00AA-A969-4CD0-8A5F-C49F17656805}.Debug|x64.ActiveCfg = Debug|x64
		{E13B00AA-A969-4CD0-8A5F-C49F17656805}.Debug|x64.Build.0 = Debug|x64
		{E13B00AA-A969-4CD0-8A5F-C49F17656805}.Debug|x86.ActiveCfg = Debug|Win32
		{E13B00AA-A969-4CD0-8A5F-C49F17656805}.Debug|x86.Build.0 = Debug|Win32
		{E13B00AA-A969-4CD0-8A5F-C49F17656805}.Release|Any CPU.ActiveCfg = Release|x64
		{E13B00AA-A969-4CD0-8A5F-C49F17656805}.Release|Any CPU.Build.0 = Release|x64
		{E13B00AA-A969-4CD0-8A5F-C49F17656805}.Release|x64.ActiveCfg = Release|x64
		{E13B00AA-A969-4CD0-8A5F-C49F17656805}.Release|x64.Build.0 = Release|x64
		{E13B00AA-A969-4CD0-8A5F-C49F17656805}.Release|x86.ActiveCfg = Release|Win32
		{E13B00AA-A969-4CD0-8A5F-C49F17656805}.Release|x86.Build.0 = Release|Win32
		{86BD23AB-AD93-4C32-A778-FE1E9EB2A71E}.Debug|Any CPU.ActiveCfg = Debug|x64
		{86BD23AB-AD93-4C32-A778-FE1E9EB2A71E}.Debug|Any CPU.Build.0 = Debug|x64
		{86BD23AB-AD93-4C32-A778-FE1E9EB2A71E}.Debug|x64.ActiveCfg = Debug|x64
		{86BD23AB-AD93-4C32-A778-FE1E9EB2A71E}.Debug|x64.Build.0 = Debug|x64
		{86BD23AB-AD93-4C32-A778-FE1E9EB2A71E}.Debug|x86.ActiveCfg = Debug|Win32
		{86BD23AB-AD93-4C32-A778-FE1E9EB2A71E}.Debug|x86.Build.0 = Debug|Win32
		{86BD23AB-AD93-4C32-A778-FE1E9EB2A71E}.Release|Any CPU.ActiveCfg = Release|x64
		{86BD23AB-AD93-4C32-A778-FE1E9EB2A71E}.Release|Any CPU.Build.0 = Release|x64
		{86BD23AB-AD93-4C32-A778-FE1E9EB2A71E}.Release|x64.ActiveCfg = Release|x64
		{86BD23AB-AD93-4C32-A778-FE1E9EB2A71E}.Release|x64.Build.0 = Release|x64
		{86BD23AB-AD93-4C32-A778-FE1E9EB2A71E}.Release|x86.ActiveCfg = Release|Win32
		{86BD23AB-AD93-4C32-A778-FE1E9EB2A71E}.Release|x86.Build.0 = Release|Win32
		{1F25D7C3-081D-48FB-A11A-0098A593CF57}.Debug|Any CPU.ActiveCfg = Debug|x64
		{1F25D7C3-081D-48FB-A11A-0098A593CF57}.Debug|Any CPU.Build.0 = Debug|x64
		{1F25D7C3-081D-48FB-A11A-0098A593CF57}.Debug|x64.ActiveCfg = Debug|x64
		{1F25D7C3-081D-48FB-A11A-0098A593CF57}.Debug|x64.Build.0 = Debug|x64
		{1F25D7C3-081D-48FB-A11A-0098A593CF57}.Debug|x86.ActiveCfg = Debug|Win32
		{1F25D7C3-081D-48FB-A11A-0098A593CF57}.Debug|x86.Build.0 = Debug|Win32
		{1F25D7C3-081D-48FB-A11A-0098A593CF57}.Release|Any CPU.ActiveCfg = Release|x64
		{1F25D7C3-081D-48FB-A11A-0098A593CF57}.Release|Any CPU.Build.0 = Release|x64
		{1F25D7C3-081D-48FB-A11A-0098A593CF57}.Release|x64.ActiveCfg = Release|x64
		{1F25D7C3-081D-48FB-A11A-0098A593CF57}.Release|x64.Build.0 = Release|x64
		{1F25D7C3-081D-48FB-A11A-0098A593CF57}.Release|x86.ActiveCfg = Release|Win32
		{1F25D7C3-081D-48FB-A11A-0098A593CF57}.Release|x86.Build.0 = Release|Win32
		{93CA2695-77D3-4E4F-AC43-3CC9723A5C91}.Debug|Any CPU.ActiveCfg = Debug|x64
		{93CA2695-77D3-4E4F-AC43-3CC9723A5C91}.Debug|Any CPU.Build.0 = Debug|x64
		{93CA2695-77D3-4E4F-AC43-3CC9723A5C91}.Debug|x64.ActiveCfg = Debug|x64
		{93CA2695-77D3-4E4F-AC43-3CC9723A5C91}.Debug|x64.Build.0 = Debug|x64
		{93CA2695-77D3-4E4F-AC43-3CC9723A5C91}.Debug|x86.ActiveCfg = Debug|Win32
		{93CA2695-77D3-4E4F-AC43-3CC9723A5C91}.Debug|x86.Build.0 = Debug|Win32
		{93CA2695-77D3-4E4F-AC43-3CC9723A5C91}.Release|Any CPU.ActiveCfg = Release|x64
		{93CA2695-77D3-4E4F-AC43-3CC9723A5C91}.Release|Any CPU.Build.0 = Release|x64
		{93CA2695-77D3-4E4F-AC43-3CC9723A5C91}.Release|x64.ActiveCfg = Release|x64
		{93CA2695-77D3-4E4F-AC43-3CC9723A5C91}.Release|x64.Build.0 = Release|x64
		{93CA2695-77D3-4E4F-AC43-3CC9723A5C91}.Release|x86.ActiveCfg = Release|Win32
		{93CA2695-77D3-4E4F-AC43-3CC9723A5C91}.Release|x86.Build.0 = Release|Win32
		{CF2E0501-0DBA-44C4-8BF2-81D42B4DDF77}.Debug|Any CPU.ActiveCfg = Debug|x64
		{CF2E0501-0DBA-44C4-8BF2-81D42B4DDF77}.Debug|Any CPU.Build.0 = Debug|x64
		{CF2E0501-0DBA-44C4-8BF2-81D42B4DDF77}.Debug|x64.ActiveCfg = Debug|x64
		{CF2E0501-0DBA-44C4-8BF2-81D42B4DDF77}.Debug|x64.Build.0 = Debug|x64
		{CF2E0501-0DBA-44C4-8BF2-81D42B4DDF77}.Debug|x86.ActiveCfg = Debug|Win32
		{CF2E0501-0DBA-44C4-8BF2-81D42B4DDF77}.Debug|x86.Build.0 = Debug|Win32
		{CF2E0501-0DBA-44C4-8BF2-81D42B4DDF77}.Release|Any CPU.ActiveCfg = Release|x64
		{CF2E0501-0DBA-44C4-8BF2-81D42B4DDF77}.Release|Any CPU.Build.0 = Release|x64
		{CF2E0501-0DBA-44C4-8BF2-81D42B4DDF77}.Release|x64.ActiveCfg = Release|x64
		{CF2E0501-0DBA-44C4-8BF2-81D42B4DDF77}.Release|x64.Build.0 = Release|x64
		{CF2E0501-0DBA-44C4-8BF2-81D42B4DDF77}.Release|x86.ActiveCfg = Release|Win32
		{CF2E0501-0DBA-44C4-8BF2-81D42B4DDF77}.Release|x86.Build.0 = Release|Win32
		{630A727B-298B-4F2F-A74A-7CEAA4B4EBAC}.Debug|Any CPU.ActiveCfg = Debug|x64
		{630A727B-298B-4F2F-A74A-7CEAA4B4EBAC}.Debug|Any CPU.Build.0 = Debug|x64
		{630A727B-298B-4F2F-A74A-7CEAA4B4EBAC}.Debug|x64.ActiveCfg = Debug|x64
		{630A727B-298B-4F2F-A74A-7CEAA4B4EBAC}.Debug|x64.Build.0 = Debug|x64
		{630A727B-298B-4F2F-A74A-7CEAA4B4EBAC}.Debug|x86.ActiveCfg = Debug|Win32
		{630A727B-298B-4F2F-A74A-7CEAA4B4EBAC}.Debug|x86.Build.0 = Debug|Win32
		{630A727B-298B-4F2F-A74A-7CEAA4B4EBAC}.Release|Any CPU.ActiveCfg = Release|x64
		{630A727B-298B-4F2F-A74A-7CEAA4B4EBAC}.Release|Any CPU.Build.0 = Release|x64
		{630A727B-298B-4F2F-A74A-7CEAA4B4EBAC}.Release|x64.ActiveCfg = Release|x64
		{630A727B-298B-4F2F-A74A-7CEAA4B4EBAC}.Release|x64.Build.0 = Release|x64
		{630A727B-298B-4F2F-A74A-7CEAA4B4EBAC}.Release|x86.ActiveCfg = Release|Win32
		{630A727B-298B-4F2F-A74A-7CEAA4B4EBAC}.Release|x86.Build.0 = Release|Win32
		{67931ABE-4308-4F9F-BF70-297AD7699CC0}.Debug|Any CPU.ActiveCfg = Debug|x64
		{67931ABE-4308-4F9F-BF70-297AD7699CC0}.Debug|Any CPU.Build.0 = Debug|x64
		{67931ABE-4308-4F9F-BF70-297AD7699CC0}.Debug|x64.ActiveCfg = Debug|x64
		{67931ABE-4308-4F9F-BF70-297AD7699CC0}.Debug|x64.Build.0 = Debug|x64
		{67931ABE-4308-4F9F-BF70-297AD7699CC0}.Debug|x86.ActiveCfg = Debug|Win32
		{67931ABE-4308-4F9F-BF70-297AD7699CC0}.Debug|x86.Build.0 = Debug|Win32
		{67931ABE-4308-4F9F-BF70-297AD7699CC0}.Release|Any CPU.ActiveCfg = Release|x64
		{67931ABE-4308-4F9F-BF70-297AD7699CC0}.Release|Any CPU.Build.0 = Release|x64
		{67931ABE-4308-4F9F-BF70-297AD7699CC0}.Release|x64.ActiveCfg = Release|x64
		{67931ABE-4308-4F9F-BF70-297AD7699CC0}.Release|x64.Build.0 = Release|x64
		{67931ABE-4308-4F9F-BF70-297AD7699CC0}.Release|x86.ActiveCfg = Release|Win32
		{67931ABE-4308-4F9F-BF70-297AD7699CC0}.Release|x86.Build.0 = Release|Win32
		{2286A57C-F401-46B2-BDB6-0226B826E963}.Debug|Any CPU.ActiveCfg = Debug|x64
		{2286A57C-F401-46B2-BDB6-0226B826E963}.Debug|Any CPU.Build.0 = Debug|x64
		{2286A57C-F401-46B2-BDB6-0226B826E963}.Debug|x64.ActiveCfg = Debug|x64
		{2286A57C-F401-46B2-BDB6-0226B826E963}.Debug|x64.Build.0 = Debug|x64
		{2286A57C-F401-46B2-BDB6-0226B826E963}.Debug|x86.ActiveCfg = Debug|Win32
		{2286A57C-F401-46B2-BDB6-0226B826E963}.Debug|x86.Build.0 = Debug|Win32
		{2286A57C-F401-46B2-BDB6-0226B826E963}.Release|Any CPU.ActiveCfg = Release|x64
		{2286A57C-F401-46B2-BDB6-0226B826E963}.Release|Any CPU.Build.0 = Release|x64
		{2286A57C-F401-46B2-BDB6-0226B826E963}.Release|x64.ActiveCfg = Release|x64
		{2286A57C-F401-46B2-BDB6-0226B826E963}.Release|x64.Build.0 = Release|x64
		{2286A57C-F401-46B2-BDB6-0226B826E963}.Release|x86.ActiveCfg = Release|Win32
		{2286A57C-F401-46B2-BDB6-0226B826E963}.Release|x86.Build.0 = Release|Win32
		{D14E31C1-A164-4BEF-8238-F3C1CCAD4D47}.Debug|Any CPU.ActiveCfg = Debug|x64
		{D14E31C1-A164-4BEF-8238-F3C1CCAD4D47}.Debug|Any CPU.Build.0 = Debug|x64
		{D14E31C1-A164-4BEF-8238-F3C1CCAD4D47}.Debug|x64.ActiveCfg = Debug|x64
		{D14E31C1-A164-4BEF-8238-F3C1CCAD4D47}.Debug|x64.Build.0 = Debug|x64
		{D14E31C1-A164-4BEF-8238-F3C1CCAD4D47}.Debug|x86.ActiveCfg = Debug|Win32
		{D14E31C1-A164-4BEF-8238-F3C1CCAD4D47}.Debug|x86.Build.0 = Debug|Win32
		{D14E31C1-A164-4BEF-8238-F3C1CCAD4D47}.Release|Any CPU.ActiveCfg = Release|x64
		{D14E31C1-A164-4BEF-8238-F3C1CCAD4D47}.Release|Any CPU.Build.0 = Release|x64
		{D14E31C1-A164-4BEF-8238-F3C1CCAD4D47}.Release|x64.ActiveCfg = Release|x64
		{D14E31C1-A164-4BEF-8238-F3C1CCAD4D47}.Release|x64.Build.0 = Release|x64
		{D14E31C1-A164-4BEF-8238-F3C1CCAD4D47}.Release|x86.ActiveCfg = Release|Win32
		{D14E31C1-A164-4BEF-8238-F3C1CCAD4D47}.Release|x86.Build.0 = Release|Win32
		{D29B24C9-1BC0-4BF4-84A2-B92177321275}.Debug|Any CPU.ActiveCfg = Debug|x64
		{D29B24C9-1BC0-4BF4-84A2-B92177321275}.Debug|Any CPU.Build.0 = Debug|x64
		{D29B24C9-1BC0-4BF4-84A2-B92177321275}.Debug|x64.ActiveCfg = Debug|x64
		{D29B24C9-1BC0-4BF4-84A2-B92177321275}.Debug|x64.Build.0 = Debug|x64
		{D29B24C9-1BC0-4BF4-84A2-B92177321275}.Debug|x86.ActiveCfg = Debug|Win32
		{D29B24C9-1BC0-4BF4-84A2-B92177321275}.Debug|x86.Build.0 = Debug|Win32
		{D29B24C9-1BC0-4BF4-84A2-B92177321275}.Release|Any CPU.ActiveCfg = Release|x64
		{D29B24C9-1BC0-4BF4-84A2-B92177321275}.Release|Any CPU.Build.0 = Release|x64
		{D29B24C9-1BC0-4BF4-84A2-B92177321275}.Release|x64.ActiveCfg = Release|x64
		{D29B24C9-1BC0-4BF4-84A2-B92177321275}.Release|x64.Build.0 = Release|x64
		{D29B24C9-1BC0-4BF4-84A2-B92177321275}.Release|x86.ActiveCfg = Release|Win32
		{D29B24C9-1BC0-4BF4-84A2-B92177321275}.Release|x86.Build.0 = Release|Win32
		{E85CB152-8DA5-4CC8-BADF-83B72C44E53A}.Debug|Any CPU.ActiveCfg = Debug|Any CPU
		{E85CB152-8DA5-4CC8-BADF-83B72C44E53A}.Debug|Any CPU.Build.0 = Debug|Any CPU
		{E85CB152-8DA5-4CC8-BADF-83B72C44E53A}.Debug|x64.ActiveCfg = Debug|Any CPU
		{E85CB152-8DA5-4CC8-BADF-83B72C44E53A}.Debug|x64.Build.0 = Debug|Any CPU
		{E85CB152-8DA5-4CC8-BADF-83B72C44E53A}.Debug|x86.ActiveCfg = Debug|Any CPU
		{E85CB152-8DA5-4CC8-BADF-83B72C44E53A}.Debug|x86.Build.0 = Debug|Any CPU
		{E85CB152-8DA5-4CC8-BADF-83B72C44E53A}.Release|Any CPU.ActiveCfg = Release|Any CPU
		{E85CB152-8DA5-4CC8-BADF-83B72C44E53A}.Release|Any CPU.Build.0 = Release|Any CPU
		{E85CB152-8DA5-4CC8-BADF-83B72C44E53A}.Release|x64.ActiveCfg = Release|Any CPU
		{E85CB152-8DA5-4CC8-BADF-83B72C44E53A}.Release|x64.Build.0 = Release|Any CPU
		{E85CB152-8DA5-4CC8-BADF-83B72C44E53A}.Release|x86.ActiveCfg = Release|Any CPU
		{E85CB152-8DA5-4CC8-BADF-83B72C44E53A}.Release|x86.Build.0 = Release|Any CPU
	EndGlobalSection
	GlobalSection(SolutionProperties) = preSolution
		HideSolutionNode = FALSE
	EndGlobalSection
	GlobalSection(ExtensibilityGlobals) = postSolution
		SolutionGuid = {6E1389A9-5F48-48F9-BE7E-455787F5F0FE}
	EndGlobalSection
EndGlobal
